
Microsoft Visual Studio Solution File, Format Version 12.00
# Visual Studio Version 16
VisualStudioVersion = 16.0.30611.23
MinimumVisualStudioVersion = 10.0.40219.1
Project("{FAE04EC0-301F-11D3-BF4B-00C04F79EFBC}") = "MerkkijonoLaskinKonsoli", "MerkkijonoLaskinKonsoli.csproj", "{4D72E779-5338-43F4-93E2-6077107FD00E}"
EndProject
Project("{FAE04EC0-301F-11D3-BF4B-00C04F79EFBC}") = "MerkkijonoLaskinTests", "..\MerkkijonoLaskinTests\MerkkijonoLaskinTests.csproj", "{2D57A16A-9B1A-4DC5-841B-C8089E32ED29}"
EndProject
Global
	GlobalSection(SolutionConfigurationPlatforms) = preSolution
		Debug|Any CPU = Debug|Any CPU
		Release|Any CPU = Release|Any CPU
	EndGlobalSection
	GlobalSection(ProjectConfigurationPlatforms) = postSolution
		{4D72E779-5338-43F4-93E2-6077107FD00E}.Debug|Any CPU.ActiveCfg = Debug|Any CPU
		{4D72E779-5338-43F4-93E2-6077107FD00E}.Debug|Any CPU.Build.0 = Debug|Any CPU
		{4D72E779-5338-43F4-93E2-6077107FD00E}.Release|Any CPU.ActiveCfg = Release|Any CPU
		{4D72E779-5338-43F4-93E2-6077107FD00E}.Release|Any CPU.Build.0 = Release|Any CPU
		{2D57A16A-9B1A-4DC5-841B-C8089E32ED29}.Debug|Any CPU.ActiveCfg = Debug|Any CPU
		{2D57A16A-9B1A-4DC5-841B-C8089E32ED29}.Debug|Any CPU.Build.0 = Debug|Any CPU
		{2D57A16A-9B1A-4DC5-841B-C8089E32ED29}.Release|Any CPU.ActiveCfg = Release|Any CPU
		{2D57A16A-9B1A-4DC5-841B-C8089E32ED29}.Release|Any CPU.Build.0 = Release|Any CPU
	EndGlobalSection
	GlobalSection(SolutionProperties) = preSolution
		HideSolutionNode = FALSE
	EndGlobalSection
	GlobalSection(ExtensibilityGlobals) = postSolution
		SolutionGuid = {24BCAB00-C7E0-4DD3-BADC-0A2620154202}
	EndGlobalSection
EndGlobal
